
Microsoft Visual Studio Solution File, Format Version 12.00
Project("{FAE04EC0-301F-11D3-BF4B-00C04F79EFBC}") = "Frontend", "Frontend\Frontend.csproj", "{C5D3F569-41A5-4960-8554-DD04B14C7FCB}"
EndProject
Global
	GlobalSection(SolutionConfigurationPlatforms) = preSolution
		Debug|Any CPU = Debug|Any CPU
		Release|Any CPU = Release|Any CPU
	EndGlobalSection
	GlobalSection(ProjectConfigurationPlatforms) = postSolution
		{C5D3F569-41A5-4960-8554-DD04B14C7FCB}.Debug|Any CPU.ActiveCfg = Debug|Any CPU
		{C5D3F569-41A5-4960-8554-DD04B14C7FCB}.Debug|Any CPU.Build.0 = Debug|Any CPU
		{C5D3F569-41A5-4960-8554-DD04B14C7FCB}.Release|Any CPU.ActiveCfg = Release|Any CPU
		{C5D3F569-41A5-4960-8554-DD04B14C7FCB}.Release|Any CPU.Build.0 = Release|Any CPU
	EndGlobalSection
EndGlobal
